
Microsoft Visual Studio Solution File, Format Version 12.00
# Visual Studio Version 17
VisualStudioVersion = 17.2.32630.192
MinimumVisualStudioVersion = 10.0.40219.1
Project("{FAE04EC0-301F-11D3-BF4B-00C04F79EFBC}") = "Dice Game", "Dice Game\Dice Game.csproj", "{CCC2FE2A-5657-42E0-A3AC-0C257B2FAF59}"
EndProject
Global
	GlobalSection(SolutionConfigurationPlatforms) = preSolution
		Debug|Any CPU = Debug|Any CPU
		Release|Any CPU = Release|Any CPU
	EndGlobalSection
	GlobalSection(ProjectConfigurationPlatforms) = postSolution
		{CCC2FE2A-5657-42E0-A3AC-0C257B2FAF59}.Debug|Any CPU.ActiveCfg = Debug|Any CPU
		{CCC2FE2A-5657-42E0-A3AC-0C257B2FAF59}.Debug|Any CPU.Build.0 = Debug|Any CPU
		{CCC2FE2A-5657-42E0-A3AC-0C257B2FAF59}.Release|Any CPU.ActiveCfg = Release|Any CPU
		{CCC2FE2A-5657-42E0-A3AC-0C257B2FAF59}.Release|Any CPU.Build.0 = Release|Any CPU
	EndGlobalSection
	GlobalSection(SolutionProperties) = preSolution
		HideSolutionNode = FALSE
	EndGlobalSection
	GlobalSection(ExtensibilityGlobals) = postSolution
		SolutionGuid = {5D1F61DE-2CBD-49A5-8839-FB3E05C7BA4B}
	EndGlobalSection
EndGlobal
